
Microsoft Visual Studio Solution File, Format Version 12.00
# Visual Studio Version 17
VisualStudioVersion = 17.2.32526.322
MinimumVisualStudioVersion = 10.0.40219.1
Project("{9A19103F-16F7-4668-BE54-9A1E7A4F7556}") = "Cinegy.TsMuxer", "Cinegy.TsMuxer\Cinegy.TsMuxer.csproj", "{6A1AE60C-9758-4063-A72D-181E558BE99F}"
EndProject
Global
	GlobalSection(SolutionConfigurationPlatforms) = preSolution
		Debug|x64 = Debug|x64
		Release|x64 = Release|x64
	EndGlobalSection
	GlobalSection(ProjectConfigurationPlatforms) = postSolution
		{6A1AE60C-9758-4063-A72D-181E558BE99F}.Debug|x64.ActiveCfg = Debug|x64
		{6A1AE60C-9758-4063-A72D-181E558BE99F}.Debug|x64.Build.0 = Debug|x64
		{6A1AE60C-9758-4063-A72D-181E558BE99F}.Release|x64.ActiveCfg = Release|x64
		{6A1AE60C-9758-4063-A72D-181E558BE99F}.Release|x64.Build.0 = Release|x64
	EndGlobalSection
	GlobalSection(SolutionProperties) = preSolution
		HideSolutionNode = FALSE
	EndGlobalSection
	GlobalSection(ExtensibilityGlobals) = postSolution
		SolutionGuid = {513754B3-C7DA-4CC3-9B0D-D4B0DF363E39}
	EndGlobalSection
EndGlobal
